#
# This file is autogenerated by pip-compile with Python 3.14
# by the following command:
#
#    pip-compile --output-file=requirements.lock requirements.txt
#
absl-py==2.5.0
    # via google-antigravity
altair==6.2.2
    # via streamlit
annotated-doc==0.0.5
    # via fastapi
annotated-types==0.8.0
    # via pydantic
anyio==4.15.1
    # via
    #   google-genai
    #   httpx
    #   httpx2
    #   mcp
    #   sse-starlette
    #   starlette
    #   streamlit
attrs==26.1.0
    # via
    #   jsonschema
    #   referencing
certifi==2026.7.22
    # via
    #   httpcore
    #   httpx
    #   requests
cffi==2.1.1
    # via cryptography
charset-normalizer==3.5.1
    # via requests
click==8.5.0
    # via
    #   huggingface-hub
    #   streamlit
    #   uvicorn
colorama==0.4.6
    # via
    #   loguru
    #   tqdm
cryptography==50.0.1
    # via
    #   google-auth
    #   pyjwt
distro==1.9.0
    # via google-genai
fastapi==0.141.1
    # via -r requirements.txt
fastembed==0.8.0
    # via -r requirements.txt
filelock==3.32.5
    # via huggingface-hub
flatbuffers==25.12.19
    # via onnxruntime
fsspec==2026.7.0
    # via huggingface-hub
google-antigravity==0.1.16
    # via -r requirements.txt
google-auth[requests]==2.57.1
    # via google-genai
google-genai==2.22.0
    # via google-antigravity
grpcio==1.83.1
    # via qdrant-client
h11==0.16.0
    # via
    #   httpcore
    #   httpcore2
    #   uvicorn
h2==4.4.1
    # via httpx
hf-xet==1.6.0
    # via huggingface-hub
hpack==4.2.0
    # via h2
httpcore==1.0.9
    # via httpx
httpcore2==2.12.0
    # via httpx2
httptools==0.8.0
    # via streamlit
httpx[http2]==0.28.1
    # via
    #   google-genai
    #   huggingface-hub
    #   qdrant-client
httpx2==2.12.0
    # via mcp
huggingface-hub==1.30.0
    # via
    #   fastembed
    #   tokenizers
hyperframe==6.1.0
    # via h2
idna==3.19
    # via
    #   anyio
    #   httpx
    #   httpx2
    #   requests
itsdangerous==2.2.0
    # via streamlit
jinja2==3.1.6
    # via
    #   altair
    #   pydeck
jsonschema==4.26.0
    # via
    #   altair
    #   mcp
jsonschema-specifications==2025.9.1
    # via jsonschema
loguru==0.7.3
    # via fastembed
markupsafe==3.0.3
    # via jinja2
mcp==2.2.0
    # via google-antigravity
mcp-types==2.2.0
    # via mcp
mmh3==5.3.0
    # via fastembed
narwhals==2.26.0
    # via altair
numpy==2.5.3
    # via
    #   fastembed
    #   onnxruntime
    #   pandas
    #   pydeck
    #   qdrant-client
    #   streamlit
onnxruntime==1.29.0
    # via fastembed
opentelemetry-api==1.44.0
    # via mcp
packaging==26.3
    # via
    #   altair
    #   huggingface-hub
    #   onnxruntime
    #   streamlit
pandas==3.0.5
    # via streamlit
pillow==12.3.0
    # via
    #   fastembed
    #   streamlit
portalocker==3.2.0
    # via qdrant-client
protobuf==7.36.1
    # via
    #   google-antigravity
    #   onnxruntime
    #   qdrant-client
    #   streamlit
py-rust-stemmers==0.1.8
    # via fastembed
pyarrow==25.0.1
    # via streamlit
pyasn1==0.6.4
    # via pyasn1-modules
pyasn1-modules==0.4.2
    # via google-auth
pycparser==3.0
    # via cffi
pydantic==2.13.5
    # via
    #   -r requirements.txt
    #   fastapi
    #   google-antigravity
    #   google-genai
    #   mcp
    #   mcp-types
    #   qdrant-client
pydantic-core==2.46.5
    # via pydantic
pydeck==0.9.3
    # via streamlit
pyjwt[crypto]==2.13.0
    # via mcp
python-dateutil==2.9.0.post0
    # via pandas
python-multipart==0.0.32
    # via
    #   mcp
    #   streamlit
pywin32==312
    # via
    #   mcp
    #   portalocker
pyyaml==6.0.3
    # via huggingface-hub
qdrant-client==1.19.0
    # via -r requirements.txt
referencing==0.37.0
    # via
    #   jsonschema
    #   jsonschema-specifications
requests==2.34.2
    # via
    #   fastembed
    #   google-auth
    #   google-genai
    #   streamlit
rpds-py==2026.6.3
    # via
    #   jsonschema
    #   referencing
six==1.17.0
    # via python-dateutil
sniffio==1.3.1
    # via google-genai
sse-starlette==3.4.11
    # via mcp
starlette==1.6.0
    # via
    #   fastapi
    #   mcp
    #   sse-starlette
    #   streamlit
streamlit==1.63.0
    # via -r requirements.txt
tenacity==9.1.4
    # via google-genai
tokenizers==0.23.2
    # via fastembed
toml==0.10.2
    # via streamlit
tqdm==4.70.0
    # via
    #   fastembed
    #   huggingface-hub
tree-sitter==0.26.0
    # via -r requirements.txt
tree-sitter-python==0.25.0
    # via -r requirements.txt
truststore==0.10.4
    # via
    #   httpcore2
    #   httpx2
typing-extensions==4.16.0
    # via
    #   altair
    #   anyio
    #   fastapi
    #   google-genai
    #   grpcio
    #   huggingface-hub
    #   mcp
    #   mcp-types
    #   opentelemetry-api
    #   pydantic
    #   pydantic-core
    #   streamlit
    #   typing-inspection
typing-inspection==0.4.4
    # via
    #   fastapi
    #   mcp
    #   pydantic
tzdata==2026.3
    # via pandas
urllib3==2.7.0
    # via
    #   qdrant-client
    #   requests
uvicorn==0.52.4
    # via
    #   -r requirements.txt
    #   google-antigravity
    #   mcp
    #   streamlit
watchdog==6.0.0
    # via streamlit
websockets==16.1.1
    # via
    #   google-antigravity
    #   google-genai
    #   streamlit
win32-setctime==1.2.0
    # via loguru
